
Microsoft Visual Studio Solution File, Format Version 12.00
# Visual Studio Version 16
VisualStudioVersion = 16.0.32929.386
MinimumVisualStudioVersion = 10.0.40219.1
Project("{FAE04EC0-301F-11D3-BF4B-00C04F79EFBC}") = "ZenWebAPI", "ZenWebAPI\ZenWebAPI.csproj", "{032741FF-2D43-4125-972D-20BF6E9FCE77}"
EndProject
Global
	GlobalSection(SolutionConfigurationPlatforms) = preSolution
		Debug|Any CPU = Debug|Any CPU
		Release|Any CPU = Release|Any CPU
	EndGlobalSection
	GlobalSection(ProjectConfigurationPlatforms) = postSolution
		{032741FF-2D43-4125-972D-20BF6E9FCE77}.Debug|Any CPU.ActiveCfg = Debug|Any CPU
		{032741FF-2D43-4125-972D-20BF6E9FCE77}.Debug|Any CPU.Build.0 = Debug|Any CPU
		{032741FF-2D43-4125-972D-20BF6E9FCE77}.Release|Any CPU.ActiveCfg = Release|Any CPU
		{032741FF-2D43-4125-972D-20BF6E9FCE77}.Release|Any CPU.Build.0 = Release|Any CPU
	EndGlobalSection
	GlobalSection(SolutionProperties) = preSolution
		HideSolutionNode = FALSE
	EndGlobalSection
	GlobalSection(ExtensibilityGlobals) = postSolution
		SolutionGuid = {B7E67F60-B5C3-4407-B0B8-6484EFA33ACE}
	EndGlobalSection
EndGlobal
